
Microsoft Visual Studio Solution File, Format Version 12.00
# Visual Studio Version 17
VisualStudioVersion = 17.11.35327.3
MinimumVisualStudioVersion = 10.0.40219.1
Project("{FAE04EC0-301F-11D3-BF4B-00C04F79EFBC}") = "ConsoleApp1", "ConsoleApp1.csproj", "{C606DC97-4D3A-46F4-8E8B-D0A09CA9F4EB}"
EndProject
Project("{FAE04EC0-301F-11D3-BF4B-00C04F79EFBC}") = "ConsoleApp2", "..\ConsoleApp2\ConsoleApp2.csproj", "{AABC66DD-3F8E-40C8-8973-D36A13A27A10}"
EndProject
Project("{FAE04EC0-301F-11D3-BF4B-00C04F79EFBC}") = "ConsoleApp3", "..\ConsoleApp3\ConsoleApp3.csproj", "{A1603A0F-FA56-42BF-A570-18E5557977B7}"
EndProject
Project("{FAE04EC0-301F-11D3-BF4B-00C04F79EFBC}") = "ConsoleApp4", "..\ConsoleApp4\ConsoleApp4.csproj", "{2A28E0EE-6979-4BF4-B158-7650E9D4E3C0}"
EndProject
Project("{FAE04EC0-301F-11D3-BF4B-00C04F79EFBC}") = "ConsoleApp5", "..\ConsoleApp5\ConsoleApp5.csproj", "{221C7416-46EB-4D90-9B7B-CB0BBC80EF73}"
EndProject
Global
	GlobalSection(SolutionConfigurationPlatforms) = preSolution
		Debug|Any CPU = Debug|Any CPU
		Release|Any CPU = Release|Any CPU
	EndGlobalSection
	GlobalSection(ProjectConfigurationPlatforms) = postSolution
		{C606DC97-4D3A-46F4-8E8B-D0A09CA9F4EB}.Debug|Any CPU.ActiveCfg = Debug|Any CPU
		{C606DC97-4D3A-46F4-8E8B-D0A09CA9F4EB}.Debug|Any CPU.Build.0 = Debug|Any CPU
		{C606DC97-4D3A-46F4-8E8B-D0A09CA9F4EB}.Release|Any CPU.ActiveCfg = Release|Any CPU
		{C606DC97-4D3A-46F4-8E8B-D0A09CA9F4EB}.Release|Any CPU.Build.0 = Release|Any CPU
		{AABC66DD-3F8E-40C8-8973-D36A13A27A10}.Debug|Any CPU.ActiveCfg = Debug|Any CPU
		{AABC66DD-3F8E-40C8-8973-D36A13A27A10}.Debug|Any CPU.Build.0 = Debug|Any CPU
		{AABC66DD-3F8E-40C8-8973-D36A13A27A10}.Release|Any CPU.ActiveCfg = Release|Any CPU
		{AABC66DD-3F8E-40C8-8973-D36A13A27A10}.Release|Any CPU.Build.0 = Release|Any CPU
		{A1603A0F-FA56-42BF-A570-18E5557977B7}.Debug|Any CPU.ActiveCfg = Debug|Any CPU
		{A1603A0F-FA56-42BF-A570-18E5557977B7}.Debug|Any CPU.Build.0 = Debug|Any CPU
		{A1603A0F-FA56-42BF-A570-18E5557977B7}.Release|Any CPU.ActiveCfg = Release|Any CPU
		{A1603A0F-FA56-42BF-A570-18E5557977B7}.Release|Any CPU.Build.0 = Release|Any CPU
		{2A28E0EE-6979-4BF4-B158-7650E9D4E3C0}.Debug|Any CPU.ActiveCfg = Debug|Any CPU
		{2A28E0EE-6979-4BF4-B158-7650E9D4E3C0}.Debug|Any CPU.Build.0 = Debug|Any CPU
		{2A28E0EE-6979-4BF4-B158-7650E9D4E3C0}.Release|Any CPU.ActiveCfg = Release|Any CPU
		{2A28E0EE-6979-4BF4-B158-7650E9D4E3C0}.Release|Any CPU.Build.0 = Release|Any CPU
		{221C7416-46EB-4D90-9B7B-CB0BBC80EF73}.Debug|Any CPU.ActiveCfg = Debug|Any CPU
		{221C7416-46EB-4D90-9B7B-CB0BBC80EF73}.Debug|Any CPU.Build.0 = Debug|Any CPU
		{221C7416-46EB-4D90-9B7B-CB0BBC80EF73}.Release|Any CPU.ActiveCfg = Release|Any CPU
		{221C7416-46EB-4D90-9B7B-CB0BBC80EF73}.Release|Any CPU.Build.0 = Release|Any CPU
	EndGlobalSection
	GlobalSection(SolutionProperties) = preSolution
		HideSolutionNode = FALSE
	EndGlobalSection
	GlobalSection(ExtensibilityGlobals) = postSolution
		SolutionGuid = {04369097-D26E-4540-89E3-917A080409EF}
	EndGlobalSection
EndGlobal
